
Microsoft Visual Studio Solution File, Format Version 12.00
# Visual Studio Version 17
VisualStudioVersion = 17.2.32630.192
MinimumVisualStudioVersion = 10.0.40219.1
Project("{FAE04EC0-301F-11D3-BF4B-00C04F79EFBC}") = "Kaffemaskine", "Kaffemaskine\Kaffemaskine.csproj", "{128D4471-6DBB-4914-B07D-9FFDE84F54F9}"
EndProject
Global
	GlobalSection(SolutionConfigurationPlatforms) = preSolution
		Debug|Any CPU = Debug|Any CPU
		Release|Any CPU = Release|Any CPU
	EndGlobalSection
	GlobalSection(ProjectConfigurationPlatforms) = postSolution
		{128D4471-6DBB-4914-B07D-9FFDE84F54F9}.Debug|Any CPU.ActiveCfg = Debug|Any CPU
		{128D4471-6DBB-4914-B07D-9FFDE84F54F9}.Debug|Any CPU.Build.0 = Debug|Any CPU
		{128D4471-6DBB-4914-B07D-9FFDE84F54F9}.Release|Any CPU.ActiveCfg = Release|Any CPU
		{128D4471-6DBB-4914-B07D-9FFDE84F54F9}.Release|Any CPU.Build.0 = Release|Any CPU
	EndGlobalSection
	GlobalSection(SolutionProperties) = preSolution
		HideSolutionNode = FALSE
	EndGlobalSection
	GlobalSection(ExtensibilityGlobals) = postSolution
		SolutionGuid = {0241364A-E0B2-49FC-98C2-FED82953E44E}
	EndGlobalSection
EndGlobal
